
Microsoft Visual Studio Solution File, Format Version 12.00
# Visual Studio Version 17
VisualStudioVersion = 17.2.32616.157
MinimumVisualStudioVersion = 10.0.40219.1
Project("{9A19103F-16F7-4668-BE54-9A1E7A4F7556}") = "WebAPI", "WebAPI\WebAPI.csproj", "{2B3CFB07-1D6D-45CC-B83E-E5099FF423D4}"
	ProjectSection(ProjectDependencies) = postProject
		{D87FED71-5CD3-4936-8413-378B00CC6853} = {D87FED71-5CD3-4936-8413-378B00CC6853}
	EndProjectSection
EndProject
Project("{2150E333-8FDC-42A3-9474-1A3956D46DE8}") = "Solution Items", "Solution Items", "{6DDC101C-1A7F-4734-A6AA-40AF0078B530}"
	ProjectSection(SolutionItems) = preProject
		.editorconfig = .editorconfig
	EndProjectSection
EndProject

Project("{9A19103F-16F7-4668-BE54-9A1E7A4F7556}") = "Shared_Resources", "Shared_Resources\Shared_Resources.csproj", "{D87FED71-5CD3-4936-8413-378B00CC6853}"
EndProject
Global
	GlobalSection(SolutionConfigurationPlatforms) = preSolution
		Debug|Any CPU = Debug|Any CPU
		Release|Any CPU = Release|Any CPU
	EndGlobalSection
	GlobalSection(ProjectConfigurationPlatforms) = postSolution
		{2B3CFB07-1D6D-45CC-B83E-E5099FF423D4}.Debug|Any CPU.ActiveCfg = Debug|Any CPU
		{2B3CFB07-1D6D-45CC-B83E-E5099FF423D4}.Debug|Any CPU.Build.0 = Debug|Any CPU
		{2B3CFB07-1D6D-45CC-B83E-E5099FF423D4}.Release|Any CPU.ActiveCfg = Debug|Any CPU
		{2B3CFB07-1D6D-45CC-B83E-E5099FF423D4}.Release|Any CPU.Build.0 = Debug|Any CPU
		{651D2156-7BEB-45E3-AFF5-9D58AFAFBE14}.Debug|Any CPU.ActiveCfg = Debug|Any CPU
		{651D2156-7BEB-45E3-AFF5-9D58AFAFBE14}.Debug|Any CPU.Build.0 = Debug|Any CPU
		{651D2156-7BEB-45E3-AFF5-9D58AFAFBE14}.Release|Any CPU.ActiveCfg = Debug|Any CPU
		{651D2156-7BEB-45E3-AFF5-9D58AFAFBE14}.Release|Any CPU.Build.0 = Debug|Any CPU
		{D87FED71-5CD3-4936-8413-378B00CC6853}.Debug|Any CPU.ActiveCfg = Debug|Any CPU
		{D87FED71-5CD3-4936-8413-378B00CC6853}.Debug|Any CPU.Build.0 = Debug|Any CPU
		{D87FED71-5CD3-4936-8413-378B00CC6853}.Release|Any CPU.ActiveCfg = Release|Any CPU
		{D87FED71-5CD3-4936-8413-378B00CC6853}.Release|Any CPU.Build.0 = Release|Any CPU
	EndGlobalSection
	GlobalSection(SolutionProperties) = preSolution
		HideSolutionNode = FALSE
	EndGlobalSection
	GlobalSection(ExtensibilityGlobals) = postSolution
		SolutionGuid = {9B8CD065-1F5D-451C-8E9D-E1B5EEBE2075}
	EndGlobalSection
EndGlobal
